
Microsoft Visual Studio Solution File, Format Version 9.00
# Visual Studio 2005
Project("{8BC9CEB8-8B4A-11D0-8D11-00A0C91BC942}") = "CustomRenderer", "CustomRenderer.vcproj", "{B2F22407-0DBA-49D3-9316-111E744CE7BE}"
EndProject
Global
	GlobalSection(SolutionConfigurationPlatforms) = preSolution
		Debug|Win32 = Debug|Win32
		Release|Win32 = Release|Win32
	EndGlobalSection
	GlobalSection(ProjectConfigurationPlatforms) = postSolution
		{B2F22407-0DBA-49D3-9316-111E744CE7BE}.Debug|Win32.ActiveCfg = Debug|Win32
		{B2F22407-0DBA-49D3-9316-111E744CE7BE}.Debug|Win32.Build.0 = Debug|Win32
		{B2F22407-0DBA-49D3-9316-111E744CE7BE}.Release|Win32.ActiveCfg = Release|Win32
		{B2F22407-0DBA-49D3-9316-111E744CE7BE}.Release|Win32.Build.0 = Release|Win32
	EndGlobalSection
	GlobalSection(SolutionProperties) = preSolution
		HideSolutionNode = FALSE
	EndGlobalSection
EndGlobal
