
Microsoft Visual Studio Solution File, Format Version 9.00
# Visual Studio 2005
Project("{8BC9CEB8-8B4A-11D0-8D11-00A0C91BC942}") = "conv_contour", "conv_contour.vcproj", "{F5B83907-03F5-4F68-827B-EE6D48A89A14}"
EndProject
Global
	GlobalSection(SolutionConfigurationPlatforms) = preSolution
		Debug|Win32 = Debug|Win32
		Release|Win32 = Release|Win32
	EndGlobalSection
	GlobalSection(ProjectConfigurationPlatforms) = postSolution
		{F5B83907-03F5-4F68-827B-EE6D48A89A14}.Debug|Win32.ActiveCfg = Debug|Win32
		{F5B83907-03F5-4F68-827B-EE6D48A89A14}.Debug|Win32.Build.0 = Debug|Win32
		{F5B83907-03F5-4F68-827B-EE6D48A89A14}.Release|Win32.ActiveCfg = Release|Win32
		{F5B83907-03F5-4F68-827B-EE6D48A89A14}.Release|Win32.Build.0 = Release|Win32
	EndGlobalSection
	GlobalSection(SolutionProperties) = preSolution
		HideSolutionNode = FALSE
	EndGlobalSection
EndGlobal
